
Microsoft Visual Studio Solution File, Format Version 12.00
# Visual Studio 2013
VisualStudioVersion = 12.0.30626.0
MinimumVisualStudioVersion = 10.0.40219.1
Project("{EDCC3B85-0BAD-11DB-BC1A-00112FDE8B61}") = "BSParser", "BSParser\BSParser.nproj", "{7E27CB0E-A25C-4B56-9AB7-A2C5D8F4EF37}"
EndProject
Global
	GlobalSection(SolutionConfigurationPlatforms) = preSolution
		Debug|Any CPU = Debug|Any CPU
		Release|Any CPU = Release|Any CPU
	EndGlobalSection
	GlobalSection(ProjectConfigurationPlatforms) = postSolution
		{7E27CB0E-A25C-4B56-9AB7-A2C5D8F4EF37}.Debug|Any CPU.ActiveCfg = Debug|Any CPU
		{7E27CB0E-A25C-4B56-9AB7-A2C5D8F4EF37}.Debug|Any CPU.Build.0 = Debug|Any CPU
		{7E27CB0E-A25C-4B56-9AB7-A2C5D8F4EF37}.Release|Any CPU.ActiveCfg = Release|Any CPU
		{7E27CB0E-A25C-4B56-9AB7-A2C5D8F4EF37}.Release|Any CPU.Build.0 = Release|Any CPU
	EndGlobalSection
	GlobalSection(SolutionProperties) = preSolution
		HideSolutionNode = FALSE
	EndGlobalSection
EndGlobal
